
Microsoft Visual Studio Solution File, Format Version 12.00
# Visual Studio 15
VisualStudioVersion = 15.0.27130.2026
MinimumVisualStudioVersion = 10.0.40219.1
Project("{FAE04EC0-301F-11D3-BF4B-00C04F79EFBC}") = "CustomVisionObjectDetection", "CustomVisionObjectDetection\CustomVisionObjectDetection.csproj", "{434AC3C2-ED63-4AC4-9AF1-FE638D32EA8F}"
EndProject
Global
	GlobalSection(SolutionConfigurationPlatforms) = preSolution
		Debug|Any CPU = Debug|Any CPU
		Release|Any CPU = Release|Any CPU
	EndGlobalSection
	GlobalSection(ProjectConfigurationPlatforms) = postSolution
		{434AC3C2-ED63-4AC4-9AF1-FE638D32EA8F}.Debug|Any CPU.ActiveCfg = Debug|Any CPU
		{434AC3C2-ED63-4AC4-9AF1-FE638D32EA8F}.Debug|Any CPU.Build.0 = Debug|Any CPU
		{434AC3C2-ED63-4AC4-9AF1-FE638D32EA8F}.Release|Any CPU.ActiveCfg = Release|Any CPU
		{434AC3C2-ED63-4AC4-9AF1-FE638D32EA8F}.Release|Any CPU.Build.0 = Release|Any CPU
	EndGlobalSection
	GlobalSection(SolutionProperties) = preSolution
		HideSolutionNode = FALSE
	EndGlobalSection
	GlobalSection(ExtensibilityGlobals) = postSolution
		SolutionGuid = {0A2AC3E0-8564-4362-959E-D9A1FD5C6C7A}
	EndGlobalSection
EndGlobal
